
Microsoft Visual Studio Solution File, Format Version 12.00
# Visual Studio Version 16
VisualStudioVersion = 16.0.31019.35
MinimumVisualStudioVersion = 10.0.40219.1
Project("{FAE04EC0-301F-11D3-BF4B-00C04F79EFBC}") = "TourPlaner", "TourPlaner\TourPlaner.csproj", "{D9361762-FD64-4730-9CE3-52F266A86F4A}"
EndProject
Project("{FAE04EC0-301F-11D3-BF4B-00C04F79EFBC}") = "NUnitTourPlaner", "NUnitTourPlaner\NUnitTourPlaner.csproj", "{6CD850D6-BEA1-4316-9080-5D60C72CCE3F}"
EndProject
Global
	GlobalSection(SolutionConfigurationPlatforms) = preSolution
		Debug|Any CPU = Debug|Any CPU
		Release|Any CPU = Release|Any CPU
	EndGlobalSection
	GlobalSection(ProjectConfigurationPlatforms) = postSolution
		{D9361762-FD64-4730-9CE3-52F266A86F4A}.Debug|Any CPU.ActiveCfg = Debug|Any CPU
		{D9361762-FD64-4730-9CE3-52F266A86F4A}.Debug|Any CPU.Build.0 = Debug|Any CPU
		{D9361762-FD64-4730-9CE3-52F266A86F4A}.Release|Any CPU.ActiveCfg = Release|Any CPU
		{D9361762-FD64-4730-9CE3-52F266A86F4A}.Release|Any CPU.Build.0 = Release|Any CPU
		{6CD850D6-BEA1-4316-9080-5D60C72CCE3F}.Debug|Any CPU.ActiveCfg = Debug|Any CPU
		{6CD850D6-BEA1-4316-9080-5D60C72CCE3F}.Debug|Any CPU.Build.0 = Debug|Any CPU
		{6CD850D6-BEA1-4316-9080-5D60C72CCE3F}.Release|Any CPU.ActiveCfg = Release|Any CPU
		{6CD850D6-BEA1-4316-9080-5D60C72CCE3F}.Release|Any CPU.Build.0 = Release|Any CPU
	EndGlobalSection
	GlobalSection(SolutionProperties) = preSolution
		HideSolutionNode = FALSE
	EndGlobalSection
	GlobalSection(ExtensibilityGlobals) = postSolution
		SolutionGuid = {AC7FB123-0133-483C-A721-317A3CA65E6C}
	EndGlobalSection
EndGlobal
